
Microsoft Visual Studio Solution File, Format Version 12.00
# Visual Studio Version 17
VisualStudioVersion = 17.7.34009.444
MinimumVisualStudioVersion = 10.0.40219.1
Project("{FAE04EC0-301F-11D3-BF4B-00C04F79EFBC}") = "ConsumeAmazonApi", "ConsumeAmazonApi\ConsumeAmazonApi.csproj", "{DF424110-9694-4D90-AF20-05E7BA229334}"
EndProject
Global
	GlobalSection(SolutionConfigurationPlatforms) = preSolution
		Debug|Any CPU = Debug|Any CPU
		Release|Any CPU = Release|Any CPU
	EndGlobalSection
	GlobalSection(ProjectConfigurationPlatforms) = postSolution
		{DF424110-9694-4D90-AF20-05E7BA229334}.Debug|Any CPU.ActiveCfg = Debug|Any CPU
		{DF424110-9694-4D90-AF20-05E7BA229334}.Debug|Any CPU.Build.0 = Debug|Any CPU
		{DF424110-9694-4D90-AF20-05E7BA229334}.Release|Any CPU.ActiveCfg = Release|Any CPU
		{DF424110-9694-4D90-AF20-05E7BA229334}.Release|Any CPU.Build.0 = Release|Any CPU
	EndGlobalSection
	GlobalSection(SolutionProperties) = preSolution
		HideSolutionNode = FALSE
	EndGlobalSection
	GlobalSection(ExtensibilityGlobals) = postSolution
		SolutionGuid = {00D58EA1-9119-4C4C-AAB9-13578968E833}
	EndGlobalSection
EndGlobal
